
Microsoft Visual Studio Solution File, Format Version 12.00
# Visual Studio Version 17
VisualStudioVersion = 17.5.002.0
MinimumVisualStudioVersion = 10.0.40219.1
Project("{9A19103F-16F7-4668-BE54-9A1E7A4F7556}") = "sc14-example-05", "sc14-example-05.csproj", "{46FD6BC1-0D62-421C-A78C-F066B0097161}"
EndProject
Global
	GlobalSection(SolutionConfigurationPlatforms) = preSolution
		Debug|Any CPU = Debug|Any CPU
		Release|Any CPU = Release|Any CPU
	EndGlobalSection
	GlobalSection(ProjectConfigurationPlatforms) = postSolution
		{46FD6BC1-0D62-421C-A78C-F066B0097161}.Debug|Any CPU.ActiveCfg = Debug|Any CPU
		{46FD6BC1-0D62-421C-A78C-F066B0097161}.Debug|Any CPU.Build.0 = Debug|Any CPU
		{46FD6BC1-0D62-421C-A78C-F066B0097161}.Release|Any CPU.ActiveCfg = Release|Any CPU
		{46FD6BC1-0D62-421C-A78C-F066B0097161}.Release|Any CPU.Build.0 = Release|Any CPU
	EndGlobalSection
	GlobalSection(SolutionProperties) = preSolution
		HideSolutionNode = FALSE
	EndGlobalSection
	GlobalSection(ExtensibilityGlobals) = postSolution
		SolutionGuid = {4CD3E297-2286-48BF-83AB-88EE09137172}
	EndGlobalSection
EndGlobal
