
Microsoft Visual Studio Solution File, Format Version 12.00
# Visual Studio Version 17
VisualStudioVersion = 17.5.002.0
MinimumVisualStudioVersion = 10.0.40219.1
Project("{9A19103F-16F7-4668-BE54-9A1E7A4F7556}") = "sc09-example-02", "sc09-example-02.csproj", "{67561C74-C182-41EC-AE13-89B48FD6437E}"
EndProject
Global
	GlobalSection(SolutionConfigurationPlatforms) = preSolution
		Debug|Any CPU = Debug|Any CPU
		Release|Any CPU = Release|Any CPU
	EndGlobalSection
	GlobalSection(ProjectConfigurationPlatforms) = postSolution
		{67561C74-C182-41EC-AE13-89B48FD6437E}.Debug|Any CPU.ActiveCfg = Debug|Any CPU
		{67561C74-C182-41EC-AE13-89B48FD6437E}.Debug|Any CPU.Build.0 = Debug|Any CPU
		{67561C74-C182-41EC-AE13-89B48FD6437E}.Release|Any CPU.ActiveCfg = Release|Any CPU
		{67561C74-C182-41EC-AE13-89B48FD6437E}.Release|Any CPU.Build.0 = Release|Any CPU
	EndGlobalSection
	GlobalSection(SolutionProperties) = preSolution
		HideSolutionNode = FALSE
	EndGlobalSection
	GlobalSection(ExtensibilityGlobals) = postSolution
		SolutionGuid = {5C488806-088F-4C6A-9D7A-7B42A454BA0C}
	EndGlobalSection
EndGlobal
