
Microsoft Visual Studio Solution File, Format Version 12.00
# Visual Studio Version 17
VisualStudioVersion = 17.5.002.0
MinimumVisualStudioVersion = 10.0.40219.1
Project("{9A19103F-16F7-4668-BE54-9A1E7A4F7556}") = "sc17-example-07", "sc17-example-07.csproj", "{38082709-BFBB-4553-8E90-DBB942C31601}"
EndProject
Global
	GlobalSection(SolutionConfigurationPlatforms) = preSolution
		Debug|Any CPU = Debug|Any CPU
		Release|Any CPU = Release|Any CPU
	EndGlobalSection
	GlobalSection(ProjectConfigurationPlatforms) = postSolution
		{38082709-BFBB-4553-8E90-DBB942C31601}.Debug|Any CPU.ActiveCfg = Debug|Any CPU
		{38082709-BFBB-4553-8E90-DBB942C31601}.Debug|Any CPU.Build.0 = Debug|Any CPU
		{38082709-BFBB-4553-8E90-DBB942C31601}.Release|Any CPU.ActiveCfg = Release|Any CPU
		{38082709-BFBB-4553-8E90-DBB942C31601}.Release|Any CPU.Build.0 = Release|Any CPU
	EndGlobalSection
	GlobalSection(SolutionProperties) = preSolution
		HideSolutionNode = FALSE
	EndGlobalSection
	GlobalSection(ExtensibilityGlobals) = postSolution
		SolutionGuid = {43BB72FB-3408-4A26-B210-7AEE8F0EC78E}
	EndGlobalSection
EndGlobal
