
Microsoft Visual Studio Solution File, Format Version 12.00
# Visual Studio Version 17
VisualStudioVersion = 17.5.002.0
MinimumVisualStudioVersion = 10.0.40219.1
Project("{9A19103F-16F7-4668-BE54-9A1E7A4F7556}") = "sc15-example-05", "sc15-example-05.csproj", "{115832C5-B03F-4E89-8B8F-A4D14399A421}"
EndProject
Global
	GlobalSection(SolutionConfigurationPlatforms) = preSolution
		Debug|Any CPU = Debug|Any CPU
		Release|Any CPU = Release|Any CPU
	EndGlobalSection
	GlobalSection(ProjectConfigurationPlatforms) = postSolution
		{115832C5-B03F-4E89-8B8F-A4D14399A421}.Debug|Any CPU.ActiveCfg = Debug|Any CPU
		{115832C5-B03F-4E89-8B8F-A4D14399A421}.Debug|Any CPU.Build.0 = Debug|Any CPU
		{115832C5-B03F-4E89-8B8F-A4D14399A421}.Release|Any CPU.ActiveCfg = Release|Any CPU
		{115832C5-B03F-4E89-8B8F-A4D14399A421}.Release|Any CPU.Build.0 = Release|Any CPU
	EndGlobalSection
	GlobalSection(SolutionProperties) = preSolution
		HideSolutionNode = FALSE
	EndGlobalSection
	GlobalSection(ExtensibilityGlobals) = postSolution
		SolutionGuid = {268236E7-79D6-4FFE-B2B7-1DD88F7CB94C}
	EndGlobalSection
EndGlobal
