
Microsoft Visual Studio Solution File, Format Version 12.00
# Visual Studio Version 17
VisualStudioVersion = 17.5.002.0
MinimumVisualStudioVersion = 10.0.40219.1
Project("{9A19103F-16F7-4668-BE54-9A1E7A4F7556}") = "sc10-exercicio-fixacao-02", "sc10-exercicio-fixacao-02.csproj", "{E32BB52B-301A-483F-BC2C-CFA8E612E399}"
EndProject
Global
	GlobalSection(SolutionConfigurationPlatforms) = preSolution
		Debug|Any CPU = Debug|Any CPU
		Release|Any CPU = Release|Any CPU
	EndGlobalSection
	GlobalSection(ProjectConfigurationPlatforms) = postSolution
		{E32BB52B-301A-483F-BC2C-CFA8E612E399}.Debug|Any CPU.ActiveCfg = Debug|Any CPU
		{E32BB52B-301A-483F-BC2C-CFA8E612E399}.Debug|Any CPU.Build.0 = Debug|Any CPU
		{E32BB52B-301A-483F-BC2C-CFA8E612E399}.Release|Any CPU.ActiveCfg = Release|Any CPU
		{E32BB52B-301A-483F-BC2C-CFA8E612E399}.Release|Any CPU.Build.0 = Release|Any CPU
	EndGlobalSection
	GlobalSection(SolutionProperties) = preSolution
		HideSolutionNode = FALSE
	EndGlobalSection
	GlobalSection(ExtensibilityGlobals) = postSolution
		SolutionGuid = {B03EAD11-F67E-4179-BAFD-5E9FB7A5882C}
	EndGlobalSection
EndGlobal
