
Microsoft Visual Studio Solution File, Format Version 12.00
# Visual Studio Version 17
VisualStudioVersion = 17.5.002.0
MinimumVisualStudioVersion = 10.0.40219.1
Project("{9A19103F-16F7-4668-BE54-9A1E7A4F7556}") = "sc17-example-09", "sc17-example-09.csproj", "{9AD5F0B4-72EB-4579-A0D8-402EBEC14F57}"
EndProject
Global
	GlobalSection(SolutionConfigurationPlatforms) = preSolution
		Debug|Any CPU = Debug|Any CPU
		Release|Any CPU = Release|Any CPU
	EndGlobalSection
	GlobalSection(ProjectConfigurationPlatforms) = postSolution
		{9AD5F0B4-72EB-4579-A0D8-402EBEC14F57}.Debug|Any CPU.ActiveCfg = Debug|Any CPU
		{9AD5F0B4-72EB-4579-A0D8-402EBEC14F57}.Debug|Any CPU.Build.0 = Debug|Any CPU
		{9AD5F0B4-72EB-4579-A0D8-402EBEC14F57}.Release|Any CPU.ActiveCfg = Release|Any CPU
		{9AD5F0B4-72EB-4579-A0D8-402EBEC14F57}.Release|Any CPU.Build.0 = Release|Any CPU
	EndGlobalSection
	GlobalSection(SolutionProperties) = preSolution
		HideSolutionNode = FALSE
	EndGlobalSection
	GlobalSection(ExtensibilityGlobals) = postSolution
		SolutionGuid = {FADDD4E3-C21D-44F9-BF03-18580397467A}
	EndGlobalSection
EndGlobal
