
Microsoft Visual Studio Solution File, Format Version 12.00
# Visual Studio Version 17
VisualStudioVersion = 17.5.002.0
MinimumVisualStudioVersion = 10.0.40219.1
Project("{9A19103F-16F7-4668-BE54-9A1E7A4F7556}") = "sc11-examples05", "sc11-examples05.csproj", "{13F0CF2B-7F92-4196-B55E-1398F5A93659}"
EndProject
Global
	GlobalSection(SolutionConfigurationPlatforms) = preSolution
		Debug|Any CPU = Debug|Any CPU
		Release|Any CPU = Release|Any CPU
	EndGlobalSection
	GlobalSection(ProjectConfigurationPlatforms) = postSolution
		{13F0CF2B-7F92-4196-B55E-1398F5A93659}.Debug|Any CPU.ActiveCfg = Debug|Any CPU
		{13F0CF2B-7F92-4196-B55E-1398F5A93659}.Debug|Any CPU.Build.0 = Debug|Any CPU
		{13F0CF2B-7F92-4196-B55E-1398F5A93659}.Release|Any CPU.ActiveCfg = Release|Any CPU
		{13F0CF2B-7F92-4196-B55E-1398F5A93659}.Release|Any CPU.Build.0 = Release|Any CPU
	EndGlobalSection
	GlobalSection(SolutionProperties) = preSolution
		HideSolutionNode = FALSE
	EndGlobalSection
	GlobalSection(ExtensibilityGlobals) = postSolution
		SolutionGuid = {C60D5D5C-ED2E-428E-B636-7F8F9FBA41AC}
	EndGlobalSection
EndGlobal
