
Microsoft Visual Studio Solution File, Format Version 12.00
# Visual Studio Version 17
VisualStudioVersion = 17.5.002.0
MinimumVisualStudioVersion = 10.0.40219.1
Project("{9A19103F-16F7-4668-BE54-9A1E7A4F7556}") = "sc15-example-07", "sc15-example-07.csproj", "{2784C36B-9CA1-4DB2-9485-742E0976A746}"
EndProject
Global
	GlobalSection(SolutionConfigurationPlatforms) = preSolution
		Debug|Any CPU = Debug|Any CPU
		Release|Any CPU = Release|Any CPU
	EndGlobalSection
	GlobalSection(ProjectConfigurationPlatforms) = postSolution
		{2784C36B-9CA1-4DB2-9485-742E0976A746}.Debug|Any CPU.ActiveCfg = Debug|Any CPU
		{2784C36B-9CA1-4DB2-9485-742E0976A746}.Debug|Any CPU.Build.0 = Debug|Any CPU
		{2784C36B-9CA1-4DB2-9485-742E0976A746}.Release|Any CPU.ActiveCfg = Release|Any CPU
		{2784C36B-9CA1-4DB2-9485-742E0976A746}.Release|Any CPU.Build.0 = Release|Any CPU
	EndGlobalSection
	GlobalSection(SolutionProperties) = preSolution
		HideSolutionNode = FALSE
	EndGlobalSection
	GlobalSection(ExtensibilityGlobals) = postSolution
		SolutionGuid = {41891826-1A25-4FCB-B82A-0B65C7EF93EB}
	EndGlobalSection
EndGlobal
