
Microsoft Visual Studio Solution File, Format Version 12.00
# Visual Studio Version 17
VisualStudioVersion = 17.5.002.0
MinimumVisualStudioVersion = 10.0.40219.1
Project("{9A19103F-16F7-4668-BE54-9A1E7A4F7556}") = "sc06-example07", "sc06-example07.csproj", "{0C70675A-E1EF-44CA-87BC-1A3911C01183}"
EndProject
Global
	GlobalSection(SolutionConfigurationPlatforms) = preSolution
		Debug|Any CPU = Debug|Any CPU
		Release|Any CPU = Release|Any CPU
	EndGlobalSection
	GlobalSection(ProjectConfigurationPlatforms) = postSolution
		{0C70675A-E1EF-44CA-87BC-1A3911C01183}.Debug|Any CPU.ActiveCfg = Debug|Any CPU
		{0C70675A-E1EF-44CA-87BC-1A3911C01183}.Debug|Any CPU.Build.0 = Debug|Any CPU
		{0C70675A-E1EF-44CA-87BC-1A3911C01183}.Release|Any CPU.ActiveCfg = Release|Any CPU
		{0C70675A-E1EF-44CA-87BC-1A3911C01183}.Release|Any CPU.Build.0 = Release|Any CPU
	EndGlobalSection
	GlobalSection(SolutionProperties) = preSolution
		HideSolutionNode = FALSE
	EndGlobalSection
	GlobalSection(ExtensibilityGlobals) = postSolution
		SolutionGuid = {E8699B88-311B-4636-846C-0B4F6692F81B}
	EndGlobalSection
EndGlobal
