
Microsoft Visual Studio Solution File, Format Version 12.00
# Visual Studio Version 17
VisualStudioVersion = 17.5.002.0
MinimumVisualStudioVersion = 10.0.40219.1
Project("{9A19103F-16F7-4668-BE54-9A1E7A4F7556}") = "sc17-example-01", "sc17-example-01.csproj", "{CF8AE3AD-A5F0-4ADB-99F9-C50AF512C85A}"
EndProject
Global
	GlobalSection(SolutionConfigurationPlatforms) = preSolution
		Debug|Any CPU = Debug|Any CPU
		Release|Any CPU = Release|Any CPU
	EndGlobalSection
	GlobalSection(ProjectConfigurationPlatforms) = postSolution
		{CF8AE3AD-A5F0-4ADB-99F9-C50AF512C85A}.Debug|Any CPU.ActiveCfg = Debug|Any CPU
		{CF8AE3AD-A5F0-4ADB-99F9-C50AF512C85A}.Debug|Any CPU.Build.0 = Debug|Any CPU
		{CF8AE3AD-A5F0-4ADB-99F9-C50AF512C85A}.Release|Any CPU.ActiveCfg = Release|Any CPU
		{CF8AE3AD-A5F0-4ADB-99F9-C50AF512C85A}.Release|Any CPU.Build.0 = Release|Any CPU
	EndGlobalSection
	GlobalSection(SolutionProperties) = preSolution
		HideSolutionNode = FALSE
	EndGlobalSection
	GlobalSection(ExtensibilityGlobals) = postSolution
		SolutionGuid = {21B92F2B-7354-42A5-B0EE-0E667CECAAB1}
	EndGlobalSection
EndGlobal
